// !$*UTF8*$!
{
	archiveVersion = 1;
	classes = {
	};
	objectVersion = 56;
	objects = {

/* Begin PBXBuildFile section */
		AB0000000000000000000A02 /* DesignSystem in Frameworks */ = {isa = PBXBuildFile; productRef = AB0000000000000000000A01 /* DesignSystem */; };
		100000000000000000000101 /* PaladalaApp.swift in Sources */ = {isa = PBXBuildFile; fileRef = 100000000000000000000201 /* PaladalaApp.swift */; };
		100000000000000000000102 /* AppRouter.swift in Sources */ = {isa = PBXBuildFile; fileRef = 100000000000000000000202 /* AppRouter.swift */; };
		100000000000000000000103 /* Models.swift in Sources */ = {isa = PBXBuildFile; fileRef = 100000000000000000000203 /* Models.swift */; };
		100000000000000000000104 /* PaladalaTheme.swift in Sources */ = {isa = PBXBuildFile; fileRef = 100000000000000000000204 /* PaladalaTheme.swift */; };
		100000000000000000000105 /* BilibiliAPIClient.swift in Sources */ = {isa = PBXBuildFile; fileRef = 100000000000000000000205 /* BilibiliAPIClient.swift */; };
		100000000000000000000106 /* PaladalaRepository.swift in Sources */ = {isa = PBXBuildFile; fileRef = 100000000000000000000206 /* PaladalaRepository.swift */; };
		100000000000000000000107 /* ViewModels.swift in Sources */ = {isa = PBXBuildFile; fileRef = 100000000000000000000207 /* ViewModels.swift */; };
		100000000000000000000130 /* CommentPipeline.swift in Sources */ = {isa = PBXBuildFile; fileRef = 100000000000000000000230 /* CommentPipeline.swift */; };
		100000000000000000000108 /* RootView.swift in Sources */ = {isa = PBXBuildFile; fileRef = 100000000000000000000208 /* RootView.swift */; };
		100000000000000000000109 /* HomeView.swift in Sources */ = {isa = PBXBuildFile; fileRef = 100000000000000000000209 /* HomeView.swift */; };
		FA00000000000000000000B1 /* UISearchFieldBridge.swift in Sources */ = {isa = PBXBuildFile; fileRef = FA00000000000000000000F1 /* UISearchFieldBridge.swift */; };
		FA00000000000000000000B2 /* BangumiHomeView.swift in Sources */ = {isa = PBXBuildFile; fileRef = FA00000000000000000000F2 /* BangumiHomeView.swift */; };
		10000000000000000000010A /* VideoDetailView.swift in Sources */ = {isa = PBXBuildFile; fileRef = 10000000000000000000020A /* VideoDetailView.swift */; };
		10000000000000000000010B /* DynamicFeedView.swift in Sources */ = {isa = PBXBuildFile; fileRef = 10000000000000000000020B /* DynamicFeedView.swift */; };
		10000000000000000000010C /* LiveRoomsView.swift in Sources */ = {isa = PBXBuildFile; fileRef = 10000000000000000000020C /* LiveRoomsView.swift */; };
		300000000000000000000001 /* CDNManager.swift in Sources */ = {isa = PBXBuildFile; fileRef = 300000000000000000000002 /* CDNManager.swift */; };
		300000000000000000000003 /* CDNSettingsView.swift in Sources */ = {isa = PBXBuildFile; fileRef = 300000000000000000000004 /* CDNSettingsView.swift */; };
		300000000000000000000005 /* CDNAkamProbe.swift in Sources */ = {isa = PBXBuildFile; fileRef = 300000000000000000000006 /* CDNAkamProbe.swift */; };
		10000000000000000000010D /* ProfileSettingsView.swift in Sources */ = {isa = PBXBuildFile; fileRef = 10000000000000000000020D /* ProfileSettingsView.swift */; };
		10000000000000000000010E /* SharedViews.swift in Sources */ = {isa = PBXBuildFile; fileRef = 10000000000000000000020E /* SharedViews.swift */; };
		10000000000000000000010F /* PaladalaAppIntents.swift in Sources */ = {isa = PBXBuildFile; fileRef = 10000000000000000000020F /* PaladalaAppIntents.swift */; };
		100000000000000000000110 /* PlayerView.swift in Sources */ = {isa = PBXBuildFile; fileRef = 100000000000000000000211 /* PlayerView.swift */; };
		100000000000000000000111 /* Assets.xcassets in Resources */ = {isa = PBXBuildFile; fileRef = 100000000000000000000212 /* Assets.xcassets */; };
		100000000000000000000112 /* DesignModifier.swift in Sources */ = {isa = PBXBuildFile; fileRef = 100000000000000000000213 /* DesignModifier.swift */; };
		100000000000000000000113 /* BundledFeedService.swift in Sources */ = {isa = PBXBuildFile; fileRef = 100000000000000000000214 /* BundledFeedService.swift */; };
		100000000000000000000114 /* StoredAccount.swift in Sources */ = {isa = PBXBuildFile; fileRef = 100000000000000000000215 /* StoredAccount.swift */; };
		100000000000000000000115 /* KeychainStore.swift in Sources */ = {isa = PBXBuildFile; fileRef = 100000000000000000000216 /* KeychainStore.swift */; };
		100000000000000000000116 /* AccountSessionStore.swift in Sources */ = {isa = PBXBuildFile; fileRef = 100000000000000000000217 /* AccountSessionStore.swift */; };
		100000000000000000000117 /* AuthStore.swift in Sources */ = {isa = PBXBuildFile; fileRef = 100000000000000000000218 /* AuthStore.swift */; };
		100000000000000000000118 /* BilibiliAuthAPI.swift in Sources */ = {isa = PBXBuildFile; fileRef = 100000000000000000000219 /* BilibiliAuthAPI.swift */; };
		100000000000000000000119 /* LoginViewModel.swift in Sources */ = {isa = PBXBuildFile; fileRef = 10000000000000000000021A /* LoginViewModel.swift */; };
		10000000000000000000011A /* LoginSheet.swift in Sources */ = {isa = PBXBuildFile; fileRef = 10000000000000000000021B /* LoginSheet.swift */; };
		10000000000000000000011B /* AccountContentViews.swift in Sources */ = {isa = PBXBuildFile; fileRef = 10000000000000000000021C /* AccountContentViews.swift */; };
		10000000000000000000011C /* ReplyListView.swift in Sources */ = {isa = PBXBuildFile; fileRef = 10000000000000000000021D /* ReplyListView.swift */; };
		10000000000000000000011E /* DiagnosticLogger.swift in Sources */ = {isa = PBXBuildFile; fileRef = 100000000000000000000220 /* DiagnosticLogger.swift */; };
		10000000000000000000011F /* LogViewerView.swift in Sources */ = {isa = PBXBuildFile; fileRef = 100000000000000000000221 /* LogViewerView.swift */; };
		100000000000000000000120 /* DeviceInfo.swift in Sources */ = {isa = PBXBuildFile; fileRef = 100000000000000000000222 /* DeviceInfo.swift */; };
		100000000000000000000121 /* Haptics.swift in Sources */ = {isa = PBXBuildFile; fileRef = 100000000000000000000223 /* Haptics.swift */; };
		100000000000000000000122 /* OnboardingView.swift in Sources */ = {isa = PBXBuildFile; fileRef = 100000000000000000000224 /* OnboardingView.swift */; };
		100000000000000000000123 /* NetworkMonitor.swift in Sources */ = {isa = PBXBuildFile; fileRef = 100000000000000000000225 /* NetworkMonitor.swift */; };
		100000000000000000000124 /* MiniPlayerStore.swift in Sources */ = {isa = PBXBuildFile; fileRef = 100000000000000000000226 /* MiniPlayerStore.swift */; };
		100000000000000000000125 /* MiniPlayerOverlay.swift in Sources */ = {isa = PBXBuildFile; fileRef = 100000000000000000000227 /* MiniPlayerOverlay.swift */; };
		10000000000000000000012A /* Localizable.swift in Sources */ = {isa = PBXBuildFile; fileRef = 10000000000000000000022A /* Localizable.swift */; };
		MU00000000000000000000D0 /* LyricTypes.swift in Sources */ = {isa = PBXBuildFile; fileRef = MU00000000000000000000C0 /* LyricTypes.swift */; };
		MU00000000000000000000D1 /* BiliLyricParser.swift in Sources */ = {isa = PBXBuildFile; fileRef = MU00000000000000000000C1 /* BiliLyricParser.swift */; };
		200000000000000000000301 /* AVPlayerController.swift in Sources */ = {isa = PBXBuildFile; fileRef = 200000000000000000000401 /* AVPlayerController.swift */; };
		300000000000000000000602 /* LocalHLSProxyServer.swift in Sources */ = {isa = PBXBuildFile; fileRef = 300000000000000000000502 /* LocalHLSProxyServer.swift */; };
		300000000000000000000603 /* WatchSession.swift in Sources */ = {isa = PBXBuildFile; fileRef = 300000000000000000000503 /* WatchSession.swift */; };
		100000000000000000000468 /* ICloudSync.swift in Sources */ = {isa = PBXBuildFile; fileRef = 100000000000000000000467 /* ICloudSync.swift */; };
		10000000000000000000046A /* LiveActivityCoordinator.swift in Sources */ = {isa = PBXBuildFile; fileRef = 100000000000000000000469 /* LiveActivityCoordinator.swift */; };
		10000000000000000000050B /* FollowNotificationService.swift in Sources */ = {isa = PBXBuildFile; fileRef = 10000000000000000000050A /* FollowNotificationService.swift */; };
		100000000000000000000465 /* LiveRoomActivityAttributes.swift in Sources */ = {isa = PBXBuildFile; fileRef = 100000000000000000000464 /* LiveRoomActivityAttributes.swift */; };
		100000000000000000000472 /* PaladalaWidgetBundle.swift in Sources */ = {isa = PBXBuildFile; fileRef = 100000000000000000000471 /* PaladalaWidgetBundle.swift */; };
		100000000000000000000474 /* LiveActivityWidget.swift in Sources */ = {isa = PBXBuildFile; fileRef = 100000000000000000000473 /* LiveActivityWidget.swift */; };
		100000000000000000000475 /* LiveRoomActivityAttributes.swift in Sources */ = {isa = PBXBuildFile; fileRef = 100000000000000000000464 /* LiveRoomActivityAttributes.swift */; };
		10000000000000000000047A /* PaladalaWidget.appex in Embed PlugIns */ = {isa = PBXBuildFile; fileRef = 100000000000000000000479 /* PaladalaWidget.appex */; settings = {ATTRIBUTES = (RemoveHeadersOnCopy, ); }; };
		500000000000000000000551 /* DownloadManager.swift in Sources */ = {isa = PBXBuildFile; fileRef = 500000000000000000000550 /* DownloadManager.swift */; };
		500000000000000000000553 /* DownloadStore.swift in Sources */ = {isa = PBXBuildFile; fileRef = 500000000000000000000552 /* DownloadStore.swift */; };
		500000000000000000000571 /* PlayProgressStore.swift in Sources */ = {isa = PBXBuildFile; fileRef = 500000000000000000000570 /* PlayProgressStore.swift */; };
		500000000000000000000591 /* MP4Fragment.swift in Sources */ = {isa = PBXBuildFile; fileRef = 500000000000000000000590 /* MP4Fragment.swift */; };
		5000000000000000000005D1 /* PlaybackPrefetchManager.swift in Sources */ = {isa = PBXBuildFile; fileRef = 5000000000000000000005D2 /* PlaybackPrefetchManager.swift */; };
		500000000000000000000555 /* PaladalaAppDelegate.swift in Sources */ = {isa = PBXBuildFile; fileRef = 500000000000000000000554 /* PaladalaAppDelegate.swift */; };
		500000000000000000000557 /* DownloadedVideosView.swift in Sources */ = {isa = PBXBuildFile; fileRef = 500000000000000000000556 /* DownloadedVideosView.swift */; };
		500000000000000000000558 /* DeepDiagnosticReportView.swift in Sources */ = {isa = PBXBuildFile; fileRef = 500000000000000000000559 /* DeepDiagnosticReportView.swift */; };
		5000000000000000000005C1 /* TelegramLogConfig.swift in Sources */ = {isa = PBXBuildFile; fileRef = 5000000000000000000005C2 /* TelegramLogConfig.swift */; };
		5000000000000000000005C3 /* TelegramLogReporter.swift in Sources */ = {isa = PBXBuildFile; fileRef = 5000000000000000000005C4 /* TelegramLogReporter.swift */; };
		50000000000000000000055A /* InlineAVPlayerView.swift in Sources */ = {isa = PBXBuildFile; fileRef = 50000000000000000000055B /* InlineAVPlayerView.swift */; };
		50000000000000000000055D /* Analytics.swift in Sources */ = {isa = PBXBuildFile; fileRef = 50000000000000000000055C /* Analytics.swift */; };
		600000000000000000000804 /* PrivacyInfo.xcprivacy in Resources */ = {isa = PBXBuildFile; fileRef = 600000000000000000000901 /* PrivacyInfo.xcprivacy */; };
		600000000000000000000805 /* PrivacyInfo.xcprivacy in Resources */ = {isa = PBXBuildFile; fileRef = 600000000000000000000902 /* PrivacyInfo.xcprivacy */; };
		7000000000000000000000B2 /* Plugins in Resources */ = {isa = PBXBuildFile; fileRef = 7000000000000000000000B1 /* Plugins */; };
		7000000000000000000001A2 /* SleepTimer.swift in Sources */ = {isa = PBXBuildFile; fileRef = 7000000000000000000001A1 /* SleepTimer.swift */; };
		7000000000000000000001B2 /* SleepTimerHUDView.swift in Sources */ = {isa = PBXBuildFile; fileRef = 7000000000000000000001B1 /* SleepTimerHUDView.swift */; };
		7000000000000000000001C2 /* PluginModels.swift in Sources */ = {isa = PBXBuildFile; fileRef = 7000000000000000000001C1 /* PluginModels.swift */; };
		7000000000000000000001D2 /* PluginManager.swift in Sources */ = {isa = PBXBuildFile; fileRef = 7000000000000000000001D1 /* PluginManager.swift */; };
		7000000000000000000001E2 /* PluginsSettingsView.swift in Sources */ = {isa = PBXBuildFile; fileRef = 7000000000000000000001E1 /* PluginsSettingsView.swift */; };
		10000000000000000000012D /* LaunchMetrics.swift in Sources */ = {isa = PBXBuildFile; fileRef = 10000000000000000000022D /* LaunchMetrics.swift */; };
		10000000000000000000012E /* UPProfileView.swift in Sources */ = {isa = PBXBuildFile; fileRef = 10000000000000000000022E /* UPProfileView.swift */; };
		100000000000000000000132 /* AppVersion.swift in Sources */ = {isa = PBXBuildFile; fileRef = 100000000000000000000231 /* AppVersion.swift */; };
		100000000000000000000133 /* AboutView.swift in Sources */ = {isa = PBXBuildFile; fileRef = 100000000000000000000232 /* AboutView.swift */; };
		100000000000000000000134 /* UpdateManager.swift in Sources */ = {isa = PBXBuildFile; fileRef = 100000000000000000000233 /* UpdateManager.swift */; };
		100000000000000000000135 /* ShortcutManager.swift in Sources */ = {isa = PBXBuildFile; fileRef = 100000000000000000000234 /* ShortcutManager.swift */; };
		600000000000000000000621 /* SponsorBlockModels.swift in Sources */ = {isa = PBXBuildFile; fileRef = 600000000000000000000611 /* SponsorBlockModels.swift */; };
		600000000000000000000622 /* SponsorBlockService.swift in Sources */ = {isa = PBXBuildFile; fileRef = 600000000000000000000612 /* SponsorBlockService.swift */; };
		600000000000000000000623 /* SponsorBlockManager.swift in Sources */ = {isa = PBXBuildFile; fileRef = 600000000000000000000613 /* SponsorBlockManager.swift */; };
		600000000000000000000624 /* SponsorBlockSettingsView.swift in Sources */ = {isa = PBXBuildFile; fileRef = 600000000000000000000614 /* SponsorBlockSettingsView.swift */; };
		7E5C0A000000000000000001 /* PaladalaTests.swift in Sources */ = {isa = PBXBuildFile; fileRef = 7E5C0A000000000000000002 /* PaladalaTests.swift */; };
		7E5C0A00000000000000000E /* LocalHLSProxyServerTests.swift in Sources */ = {isa = PBXBuildFile; fileRef = 7E5C0A00000000000000000D /* LocalHLSProxyServerTests.swift */; };
		7E5C0A00000000000000000F /* FeedCacheWarmer.swift in Sources */ = {isa = PBXBuildFile; fileRef = 7E5C0A000000000000000010 /* FeedCacheWarmer.swift */; };
		7E5C0A000000000000000011 /* FeedCacheWarmerTests.swift in Sources */ = {isa = PBXBuildFile; fileRef = 7E5C0A000000000000000012 /* FeedCacheWarmerTests.swift */; };
		7E5C0A000000000000000013 /* LazyTab.swift in Sources */ = {isa = PBXBuildFile; fileRef = 7E5C0A000000000000000014 /* LazyTab.swift */; };
		7E5C0A000000000000000015 /* LazyTabTests.swift in Sources */ = {isa = PBXBuildFile; fileRef = 7E5C0A000000000000000016 /* LazyTabTests.swift */; };
		7E5C0A000000000000000017 /* PaladalaBackdropTests.swift in Sources */ = {isa = PBXBuildFile; fileRef = 7E5C0A000000000000000018 /* PaladalaBackdropTests.swift */; };
		7E5C0A000000000000000019 /* LaunchMetricsTests.swift in Sources */ = {isa = PBXBuildFile; fileRef = 7E5C0A000000000000000020 /* LaunchMetricsTests.swift */; };
		7E5C0A000000000000000021 /* AppVersionTests.swift in Sources */ = {isa = PBXBuildFile; fileRef = 7E5C0A000000000000000022 /* AppVersionTests.swift */; };
		LS0000000000000000000B001 /* LoadState.swift in Sources */ = {isa = PBXBuildFile; fileRef = LS0000000000000000000F001 /* LoadState.swift */; };
		AE0000000000000000000B01 /* AppErrorCenter.swift in Sources */ = {isa = PBXBuildFile; fileRef = AE0000000000000000000F01 /* AppErrorCenter.swift */; };
		LS0000000000000000000B002 /* GenerationGuard.swift in Sources */ = {isa = PBXBuildFile; fileRef = LS0000000000000000000F002 /* GenerationGuard.swift */; };
		LS0000000000000000000B003 /* LoadStateTests.swift in Sources */ = {isa = PBXBuildFile; fileRef = LS0000000000000000000F003 /* LoadStateTests.swift */; };
		03548a6a-547b-4dbe-9c3e-0d0fac582edd /* BilibiliVIP.swift in Sources */ = {isa = PBXBuildFile; fileRef = 198ff133-9f05-43ab-afb7-bcadae569741 /* BilibiliVIP.swift */; };
		76ae5710-119a-49f0-80d3-20d35d8daf1e /* VipBadgeView.swift in Sources */ = {isa = PBXBuildFile; fileRef = 31132272-7f36-4a8e-bd12-5b3ebf1a111d /* VipBadgeView.swift */; };
		959e55c70a204884ab4886b2b9189d44 /* VipUpgradeHint.swift in Sources */ = {isa = PBXBuildFile; fileRef = 7aa739f7420f4cc4bc58eece2de057e9 /* VipUpgradeHint.swift */; };
		f274babb84a147cba9dff72e040388f0 /* VipUpgradeHintTests.swift in Sources */ = {isa = PBXBuildFile; fileRef = aaf91b529efa4218b31e48110709c58d /* VipUpgradeHintTests.swift */; };
		7E5C0A000000000000000040 /* PlaybackPrefetchManagerTests.swift in Sources */ = {isa = PBXBuildFile; fileRef = 7E5C0A000000000000000041 /* PlaybackPrefetchManagerTests.swift */; };
		OP0000000000000000000F102 /* HMAC.swift in Sources */ = {isa = PBXBuildFile; fileRef = OP0000000000000000000F101 /* HMAC.swift */; };
		OP0000000000000000000F112 /* ReportPayload.swift in Sources */ = {isa = PBXBuildFile; fileRef = OP0000000000000000000F111 /* ReportPayload.swift */; };
		OP0000000000000000000F122 /* LogReporterConfig.swift in Sources */ = {isa = PBXBuildFile; fileRef = OP0000000000000000000F121 /* LogReporterConfig.swift */; };
		OP0000000000000000000F132 /* ReporterGate.swift in Sources */ = {isa = PBXBuildFile; fileRef = OP0000000000000000000F131 /* ReporterGate.swift */; };
		OP0000000000000000000F142 /* ErrorSink.swift in Sources */ = {isa = PBXBuildFile; fileRef = OP0000000000000000000F141 /* ErrorSink.swift */; };
		OP0000000000000000000F152 /* LogReporter.swift in Sources */ = {isa = PBXBuildFile; fileRef = OP0000000000000000000F151 /* LogReporter.swift */; };
        DA0000000000000000000002 /* PlaybackAndDesignTests.swift in Sources */ = {isa = PBXBuildFile; fileRef = DA0000000000000000000001 /* PlaybackAndDesignTests.swift */; };
        DA0000000000000000000004 /* playback-video.m4s in Resources */ = {isa = PBXBuildFile; fileRef = DA0000000000000000000003 /* playback-video.m4s */; };
/* End PBXBuildFile section */

/* Begin PBXFileReference section */
		100000000000000000000001 /* Paladala.app */ = {isa = PBXFileReference; explicitFileType = wrapper.application; includeInIndex = 0; path = Paladala.app; sourceTree = BUILT_PRODUCTS_DIR; };
		100000000000000000000201 /* PaladalaApp.swift */ = {isa = PBXFileReference; lastKnownFileType = sourcecode.swift; path = PaladalaApp.swift; sourceTree = "<group>"; };
		100000000000000000000202 /* AppRouter.swift */ = {isa = PBXFileReference; lastKnownFileType = sourcecode.swift; path = AppRouter.swift; sourceTree = "<group>"; };
		100000000000000000000203 /* Models.swift */ = {isa = PBXFileReference; lastKnownFileType = sourcecode.swift; path = Models.swift; sourceTree = "<group>"; };
		100000000000000000000204 /* PaladalaTheme.swift */ = {isa = PBXFileReference; lastKnownFileType = sourcecode.swift; path = PaladalaTheme.swift; sourceTree = "<group>"; };
		100000000000000000000205 /* BilibiliAPIClient.swift */ = {isa = PBXFileReference; lastKnownFileType = sourcecode.swift; path = BilibiliAPIClient.swift; sourceTree = "<group>"; };
		100000000000000000000206 /* PaladalaRepository.swift */ = {isa = PBXFileReference; lastKnownFileType = sourcecode.swift; path = PaladalaRepository.swift; sourceTree = "<group>"; };
		100000000000000000000207 /* ViewModels.swift */ = {isa = PBXFileReference; lastKnownFileType = sourcecode.swift; path = ViewModels.swift; sourceTree = "<group>"; };
		100000000000000000000230 /* CommentPipeline.swift */ = {isa = PBXFileReference; lastKnownFileType = sourcecode.swift; path = CommentPipeline.swift; sourceTree = "<group>"; };
		100000000000000000000208 /* RootView.swift */ = {isa = PBXFileReference; lastKnownFileType = sourcecode.swift; path = RootView.swift; sourceTree = "<group>"; };
		100000000000000000000209 /* HomeView.swift */ = {isa = PBXFileReference; lastKnownFileType = sourcecode.swift; path = HomeView.swift; sourceTree = "<group>"; };
		FA00000000000000000000F1 /* UISearchFieldBridge.swift */ = {isa = PBXFileReference; lastKnownFileType = sourcecode.swift; path = UISearchFieldBridge.swift; sourceTree = "<group>"; };
		FA00000000000000000000F2 /* BangumiHomeView.swift */ = {isa = PBXFileReference; lastKnownFileType = sourcecode.swift; path = BangumiHomeView.swift; sourceTree = "<group>"; };
		10000000000000000000020A /* VideoDetailView.swift */ = {isa = PBXFileReference; lastKnownFileType = sourcecode.swift; path = VideoDetailView.swift; sourceTree = "<group>"; };
		10000000000000000000020B /* DynamicFeedView.swift */ = {isa = PBXFileReference; lastKnownFileType = sourcecode.swift; path = DynamicFeedView.swift; sourceTree = "<group>"; };
		10000000000000000000020C /* LiveRoomsView.swift */ = {isa = PBXFileReference; lastKnownFileType = sourcecode.swift; path = LiveRoomsView.swift; sourceTree = "<group>"; };
		300000000000000000000002 /* CDNManager.swift */ = {isa = PBXFileReference; lastKnownFileType = sourcecode.swift; path = CDNManager.swift; sourceTree = "<group>"; };
		300000000000000000000004 /* CDNSettingsView.swift */ = {isa = PBXFileReference; lastKnownFileType = sourcecode.swift; path = CDNSettingsView.swift; sourceTree = "<group>"; };
		300000000000000000000006 /* CDNAkamProbe.swift */ = {isa = PBXFileReference; lastKnownFileType = sourcecode.swift; path = CDNAkamProbe.swift; sourceTree = "<group>"; };
		10000000000000000000020D /* ProfileSettingsView.swift */ = {isa = PBXFileReference; lastKnownFileType = sourcecode.swift; path = ProfileSettingsView.swift; sourceTree = "<group>"; };
		10000000000000000000020E /* SharedViews.swift */ = {isa = PBXFileReference; lastKnownFileType = sourcecode.swift; path = SharedViews.swift; sourceTree = "<group>"; };
		10000000000000000000020F /* PaladalaAppIntents.swift */ = {isa = PBXFileReference; lastKnownFileType = sourcecode.swift; path = PaladalaAppIntents.swift; sourceTree = "<group>"; };
		100000000000000000000210 /* Info.plist */ = {isa = PBXFileReference; lastKnownFileType = text.plist.xml; path = Info.plist; sourceTree = "<group>"; };
		100000000000000000000211 /* PlayerView.swift */ = {isa = PBXFileReference; lastKnownFileType = sourcecode.swift; path = PlayerView.swift; sourceTree = "<group>"; };
		100000000000000000000212 /* Assets.xcassets */ = {isa = PBXFileReference; lastKnownFileType = folder.assetcatalog; path = Assets.xcassets; sourceTree = "<group>"; };
		100000000000000000000213 /* DesignModifier.swift */ = {isa = PBXFileReference; lastKnownFileType = sourcecode.swift; path = DesignModifier.swift; sourceTree = "<group>"; };
		100000000000000000000214 /* BundledFeedService.swift */ = {isa = PBXFileReference; lastKnownFileType = sourcecode.swift; path = BundledFeedService.swift; sourceTree = "<group>"; };
		100000000000000000000215 /* StoredAccount.swift */ = {isa = PBXFileReference; lastKnownFileType = sourcecode.swift; path = StoredAccount.swift; sourceTree = "<group>"; };
		100000000000000000000216 /* KeychainStore.swift */ = {isa = PBXFileReference; lastKnownFileType = sourcecode.swift; path = KeychainStore.swift; sourceTree = "<group>"; };
		100000000000000000000217 /* AccountSessionStore.swift */ = {isa = PBXFileReference; lastKnownFileType = sourcecode.swift; path = AccountSessionStore.swift; sourceTree = "<group>"; };
		100000000000000000000218 /* AuthStore.swift */ = {isa = PBXFileReference; lastKnownFileType = sourcecode.swift; path = AuthStore.swift; sourceTree = "<group>"; };
		100000000000000000000219 /* BilibiliAuthAPI.swift */ = {isa = PBXFileReference; lastKnownFileType = sourcecode.swift; path = BilibiliAuthAPI.swift; sourceTree = "<group>"; };
		10000000000000000000021A /* LoginViewModel.swift */ = {isa = PBXFileReference; lastKnownFileType = sourcecode.swift; path = LoginViewModel.swift; sourceTree = "<group>"; };
		10000000000000000000021B /* LoginSheet.swift */ = {isa = PBXFileReference; lastKnownFileType = sourcecode.swift; path = LoginSheet.swift; sourceTree = "<group>"; };
		10000000000000000000021C /* AccountContentViews.swift */ = {isa = PBXFileReference; lastKnownFileType = sourcecode.swift; path = AccountContentViews.swift; sourceTree = "<group>"; };
		10000000000000000000021D /* ReplyListView.swift */ = {isa = PBXFileReference; lastKnownFileType = sourcecode.swift; path = ReplyListView.swift; sourceTree = "<group>"; };
		100000000000000000000220 /* DiagnosticLogger.swift */ = {isa = PBXFileReference; lastKnownFileType = sourcecode.swift; path = DiagnosticLogger.swift; sourceTree = "<group>"; };
		100000000000000000000221 /* LogViewerView.swift */ = {isa = PBXFileReference; lastKnownFileType = sourcecode.swift; path = LogViewerView.swift; sourceTree = "<group>"; };
		100000000000000000000222 /* DeviceInfo.swift */ = {isa = PBXFileReference; lastKnownFileType = sourcecode.swift; path = DeviceInfo.swift; sourceTree = "<group>"; };
		100000000000000000000223 /* Haptics.swift */ = {isa = PBXFileReference; lastKnownFileType = sourcecode.swift; path = Haptics.swift; sourceTree = "<group>"; };
		100000000000000000000224 /* OnboardingView.swift */ = {isa = PBXFileReference; lastKnownFileType = sourcecode.swift; path = OnboardingView.swift; sourceTree = "<group>"; };
		100000000000000000000225 /* NetworkMonitor.swift */ = {isa = PBXFileReference; lastKnownFileType = sourcecode.swift; path = NetworkMonitor.swift; sourceTree = "<group>"; };
		100000000000000000000226 /* MiniPlayerStore.swift */ = {isa = PBXFileReference; lastKnownFileType = sourcecode.swift; path = MiniPlayerStore.swift; sourceTree = "<group>"; };
		100000000000000000000227 /* MiniPlayerOverlay.swift */ = {isa = PBXFileReference; lastKnownFileType = sourcecode.swift; path = MiniPlayerOverlay.swift; sourceTree = "<group>"; };
		10000000000000000000022A /* Localizable.swift */ = {isa = PBXFileReference; lastKnownFileType = sourcecode.swift; path = Localizable.swift; sourceTree = "<group>"; };
		MU00000000000000000000C0 /* LyricTypes.swift */ = {isa = PBXFileReference; lastKnownFileType = sourcecode.swift; path = LyricTypes.swift; sourceTree = "<group>"; };
		MU00000000000000000000C1 /* BiliLyricParser.swift */ = {isa = PBXFileReference; lastKnownFileType = sourcecode.swift; path = BiliLyricParser.swift; sourceTree = "<group>"; };
		200000000000000000000401 /* AVPlayerController.swift */ = {isa = PBXFileReference; lastKnownFileType = sourcecode.swift; path = AVPlayerController.swift; sourceTree = "<group>"; };
		300000000000000000000502 /* LocalHLSProxyServer.swift */ = {isa = PBXFileReference; lastKnownFileType = sourcecode.swift; path = LocalHLSProxyServer.swift; sourceTree = "<group>"; };
		300000000000000000000503 /* WatchSession.swift */ = {isa = PBXFileReference; lastKnownFileType = sourcecode.swift; path = WatchSession.swift; sourceTree = "<group>"; };
		100000000000000000000464 /* LiveRoomActivityAttributes.swift */ = {isa = PBXFileReference; lastKnownFileType = sourcecode.swift; path = LiveRoomActivityAttributes.swift; sourceTree = "<group>"; };
		100000000000000000000467 /* ICloudSync.swift */ = {isa = PBXFileReference; lastKnownFileType = sourcecode.swift; path = ICloudSync.swift; sourceTree = "<group>"; };
		100000000000000000000469 /* LiveActivityCoordinator.swift */ = {isa = PBXFileReference; lastKnownFileType = sourcecode.swift; path = LiveActivityCoordinator.swift; sourceTree = "<group>"; };
		10000000000000000000050A /* FollowNotificationService.swift */ = {isa = PBXFileReference; lastKnownFileType = sourcecode.swift; path = FollowNotificationService.swift; sourceTree = "<group>"; };
		10000000000000000000046B /* Paladala.entitlements */ = {isa = PBXFileReference; lastKnownFileType = text.plist.entitlements; path = Paladala.entitlements; sourceTree = "<group>"; };
		100000000000000000000471 /* PaladalaWidgetBundle.swift */ = {isa = PBXFileReference; lastKnownFileType = sourcecode.swift; path = PaladalaWidgetBundle.swift; sourceTree = "<group>"; };
		100000000000000000000473 /* LiveActivityWidget.swift */ = {isa = PBXFileReference; lastKnownFileType = sourcecode.swift; path = LiveActivityWidget.swift; sourceTree = "<group>"; };
		100000000000000000000476 /* Info.plist */ = {isa = PBXFileReference; lastKnownFileType = text.plist.xml; path = Info.plist; sourceTree = "<group>"; };
		100000000000000000000478 /* PaladalaWidget.entitlements */ = {isa = PBXFileReference; lastKnownFileType = text.plist.entitlements; path = PaladalaWidget.entitlements; sourceTree = "<group>"; };
		100000000000000000000479 /* PaladalaWidget.appex */ = {isa = PBXFileReference; explicitFileType = "wrapper.app-extension"; includeInIndex = 0; path = PaladalaWidget.appex; sourceTree = BUILT_PRODUCTS_DIR; };
		500000000000000000000550 /* DownloadManager.swift */ = {isa = PBXFileReference; lastKnownFileType = sourcecode.swift; path = DownloadManager.swift; sourceTree = "<group>"; };
		500000000000000000000552 /* DownloadStore.swift */ = {isa = PBXFileReference; lastKnownFileType = sourcecode.swift; path = DownloadStore.swift; sourceTree = "<group>"; };
		500000000000000000000570 /* PlayProgressStore.swift */ = {isa = PBXFileReference; lastKnownFileType = sourcecode.swift; path = PlayProgressStore.swift; sourceTree = "<group>"; };
		500000000000000000000590 /* MP4Fragment.swift */ = {isa = PBXFileReference; lastKnownFileType = sourcecode.swift; path = MP4Fragment.swift; sourceTree = "<group>"; };
		5000000000000000000005D2 /* PlaybackPrefetchManager.swift */ = {isa = PBXFileReference; lastKnownFileType = sourcecode.swift; path = PlaybackPrefetchManager.swift; sourceTree = "<group>"; };
		500000000000000000000554 /* PaladalaAppDelegate.swift */ = {isa = PBXFileReference; lastKnownFileType = sourcecode.swift; path = PaladalaAppDelegate.swift; sourceTree = "<group>"; };
		500000000000000000000556 /* DownloadedVideosView.swift */ = {isa = PBXFileReference; lastKnownFileType = sourcecode.swift; path = DownloadedVideosView.swift; sourceTree = "<group>"; };
		500000000000000000000559 /* DeepDiagnosticReportView.swift */ = {isa = PBXFileReference; lastKnownFileType = sourcecode.swift; path = DeepDiagnosticReportView.swift; sourceTree = "<group>"; };
		5000000000000000000005C2 /* TelegramLogConfig.swift */ = {isa = PBXFileReference; lastKnownFileType = sourcecode.swift; path = TelegramLogConfig.swift; sourceTree = "<group>"; };
		5000000000000000000005C4 /* TelegramLogReporter.swift */ = {isa = PBXFileReference; lastKnownFileType = sourcecode.swift; path = TelegramLogReporter.swift; sourceTree = "<group>"; };
		50000000000000000000055B /* InlineAVPlayerView.swift */ = {isa = PBXFileReference; lastKnownFileType = sourcecode.swift; path = InlineAVPlayerView.swift; sourceTree = "<group>"; };
		50000000000000000000055C /* Analytics.swift */ = {isa = PBXFileReference; lastKnownFileType = sourcecode.swift; path = Analytics.swift; sourceTree = "<group>"; };
		600000000000000000000901 /* PrivacyInfo.xcprivacy */ = {isa = PBXFileReference; lastKnownFileType = text.xml; path = PrivacyInfo.xcprivacy; sourceTree = "<group>"; };
		600000000000000000000902 /* PrivacyInfo.xcprivacy */ = {isa = PBXFileReference; lastKnownFileType = text.xml; path = PrivacyInfo.xcprivacy; sourceTree = "<group>"; };
		7000000000000000000000B1 /* Plugins */ = {isa = PBXFileReference; lastKnownFileType = folder; path = Plugins; sourceTree = "<group>"; };
		7000000000000000000001A1 /* SleepTimer.swift */ = {isa = PBXFileReference; lastKnownFileType = sourcecode.swift; path = SleepTimer.swift; sourceTree = "<group>"; };
		7000000000000000000001B1 /* SleepTimerHUDView.swift */ = {isa = PBXFileReference; lastKnownFileType = sourcecode.swift; path = SleepTimerHUDView.swift; sourceTree = "<group>"; };
		7000000000000000000001C1 /* PluginModels.swift */ = {isa = PBXFileReference; lastKnownFileType = sourcecode.swift; path = PluginModels.swift; sourceTree = "<group>"; };
		7000000000000000000001D1 /* PluginManager.swift */ = {isa = PBXFileReference; lastKnownFileType = sourcecode.swift; path = PluginManager.swift; sourceTree = "<group>"; };
		7000000000000000000001E1 /* PluginsSettingsView.swift */ = {isa = PBXFileReference; lastKnownFileType = sourcecode.swift; path = PluginsSettingsView.swift; sourceTree = "<group>"; };
		10000000000000000000022D /* LaunchMetrics.swift */ = {isa = PBXFileReference; lastKnownFileType = sourcecode.swift; path = LaunchMetrics.swift; sourceTree = "<group>"; };
		10000000000000000000022E /* UPProfileView.swift */ = {isa = PBXFileReference; lastKnownFileType = sourcecode.swift; path = UPProfileView.swift; sourceTree = "<group>"; };
		100000000000000000000231 /* AppVersion.swift */ = {isa = PBXFileReference; lastKnownFileType = sourcecode.swift; path = AppVersion.swift; sourceTree = "<group>"; };
		100000000000000000000232 /* AboutView.swift */ = {isa = PBXFileReference; lastKnownFileType = sourcecode.swift; path = AboutView.swift; sourceTree = "<group>"; };
		100000000000000000000233 /* UpdateManager.swift */ = {isa = PBXFileReference; lastKnownFileType = sourcecode.swift; path = UpdateManager.swift; sourceTree = "<group>"; };
		100000000000000000000234 /* ShortcutManager.swift */ = {isa = PBXFileReference; lastKnownFileType = sourcecode.swift; path = ShortcutManager.swift; sourceTree = "<group>"; };
		600000000000000000000611 /* SponsorBlockModels.swift */ = {isa = PBXFileReference; lastKnownFileType = sourcecode.swift; path = SponsorBlockModels.swift; sourceTree = "<group>"; };
		600000000000000000000612 /* SponsorBlockService.swift */ = {isa = PBXFileReference; lastKnownFileType = sourcecode.swift; path = SponsorBlockService.swift; sourceTree = "<group>"; };
		600000000000000000000613 /* SponsorBlockManager.swift */ = {isa = PBXFileReference; lastKnownFileType = sourcecode.swift; path = SponsorBlockManager.swift; sourceTree = "<group>"; };
		600000000000000000000614 /* SponsorBlockSettingsView.swift */ = {isa = PBXFileReference; lastKnownFileType = sourcecode.swift; path = SponsorBlockSettingsView.swift; sourceTree = "<group>"; };
		7E5C0A000000000000000002 /* PaladalaTests.swift */ = {isa = PBXFileReference; lastKnownFileType = sourcecode.swift; path = PaladalaTests.swift; sourceTree = "<group>"; };
		7E5C0A000000000000000003 /* PaladalaTests.xctest */ = {isa = PBXFileReference; explicitFileType = wrapper.cfbundle; includeInIndex = 0; path = PaladalaTests.xctest; sourceTree = BUILT_PRODUCTS_DIR; };
		7E5C0A00000000000000000D /* LocalHLSProxyServerTests.swift */ = {isa = PBXFileReference; lastKnownFileType = sourcecode.swift; path = LocalHLSProxyServerTests.swift; sourceTree = "<group>"; };
		7E5C0A000000000000000010 /* FeedCacheWarmer.swift */ = {isa = PBXFileReference; lastKnownFileType = sourcecode.swift; path = FeedCacheWarmer.swift; sourceTree = "<group>"; };
		7E5C0A000000000000000012 /* FeedCacheWarmerTests.swift */ = {isa = PBXFileReference; lastKnownFileType = sourcecode.swift; path = FeedCacheWarmerTests.swift; sourceTree = "<group>"; };
		7E5C0A000000000000000014 /* LazyTab.swift */ = {isa = PBXFileReference; lastKnownFileType = sourcecode.swift; path = LazyTab.swift; sourceTree = "<group>"; };
		7E5C0A000000000000000016 /* LazyTabTests.swift */ = {isa = PBXFileReference; lastKnownFileType = sourcecode.swift; path = LazyTabTests.swift; sourceTree = "<group>"; };
		7E5C0A000000000000000018 /* PaladalaBackdropTests.swift */ = {isa = PBXFileReference; lastKnownFileType = sourcecode.swift; path = PaladalaBackdropTests.swift; sourceTree = "<group>"; };
		7E5C0A000000000000000020 /* LaunchMetricsTests.swift */ = {isa = PBXFileReference; lastKnownFileType = sourcecode.swift; path = LaunchMetricsTests.swift; sourceTree = "<group>"; };
		7E5C0A000000000000000022 /* AppVersionTests.swift */ = {isa = PBXFileReference; lastKnownFileType = sourcecode.swift; path = AppVersionTests.swift; sourceTree = "<group>"; };
		A1FF00000000000000FF05F1 /* Paladala-Bridging-Header.h */ = {isa = PBXFileReference; lastKnownFileType = sourcecode.c.h; path = "Paladala-Bridging-Header.h"; sourceTree = "<group>"; };
		LS0000000000000000000F001 /* LoadState.swift */ = {isa = PBXFileReference; lastKnownFileType = sourcecode.swift; path = LoadState.swift; sourceTree = "<group>"; };
		AE0000000000000000000F01 /* AppErrorCenter.swift */ = {isa = PBXFileReference; lastKnownFileType = sourcecode.swift; path = AppErrorCenter.swift; sourceTree = "<group>"; };
		LS0000000000000000000F002 /* GenerationGuard.swift */ = {isa = PBXFileReference; lastKnownFileType = sourcecode.swift; path = GenerationGuard.swift; sourceTree = "<group>"; };
		LS0000000000000000000F003 /* LoadStateTests.swift */ = {isa = PBXFileReference; lastKnownFileType = sourcecode.swift; path = LoadStateTests.swift; sourceTree = "<group>"; };
		198ff133-9f05-43ab-afb7-bcadae569741 /* BilibiliVIP.swift */ = {isa = PBXFileReference; lastKnownFileType = sourcecode.swift; path = BilibiliVIP.swift; sourceTree = "<group>"; };
		31132272-7f36-4a8e-bd12-5b3ebf1a111d /* VipBadgeView.swift */ = {isa = PBXFileReference; lastKnownFileType = sourcecode.swift; path = VipBadgeView.swift; sourceTree = "<group>"; };
		7aa739f7420f4cc4bc58eece2de057e9 /* VipUpgradeHint.swift */ = {isa = PBXFileReference; lastKnownFileType = sourcecode.swift; path = VipUpgradeHint.swift; sourceTree = "<group>"; };
		aaf91b529efa4218b31e48110709c58d /* VipUpgradeHintTests.swift */ = {isa = PBXFileReference; lastKnownFileType = sourcecode.swift; path = VipUpgradeHintTests.swift; sourceTree = "<group>"; };
		7E5C0A000000000000000041 /* PlaybackPrefetchManagerTests.swift */ = {isa = PBXFileReference; lastKnownFileType = sourcecode.swift; path = PlaybackPrefetchManagerTests.swift; sourceTree = "<group>"; };
		OP0000000000000000000F101 /* HMAC.swift */ = {isa = PBXFileReference; lastKnownFileType = sourcecode.swift; path = HMAC.swift; sourceTree = "<group>"; };
		OP0000000000000000000F111 /* ReportPayload.swift */ = {isa = PBXFileReference; lastKnownFileType = sourcecode.swift; path = ReportPayload.swift; sourceTree = "<group>"; };
		OP0000000000000000000F121 /* LogReporterConfig.swift */ = {isa = PBXFileReference; lastKnownFileType = sourcecode.swift; path = LogReporterConfig.swift; sourceTree = "<group>"; };
		OP0000000000000000000F131 /* ReporterGate.swift */ = {isa = PBXFileReference; lastKnownFileType = sourcecode.swift; path = ReporterGate.swift; sourceTree = "<group>"; };
		OP0000000000000000000F141 /* ErrorSink.swift */ = {isa = PBXFileReference; lastKnownFileType = sourcecode.swift; path = ErrorSink.swift; sourceTree = "<group>"; };
		OP0000000000000000000F151 /* LogReporter.swift */ = {isa = PBXFileReference; lastKnownFileType = sourcecode.swift; path = LogReporter.swift; sourceTree = "<group>"; };
		OP0000000000000000000F201 /* Opspad.Debug.xcconfig */ = {isa = PBXFileReference; lastKnownFileType = text.xcconfig.file; path = Opspad.Debug.xcconfig; sourceTree = "<group>"; };
		OP0000000000000000000F202 /* Opspad.Release.xcconfig */ = {isa = PBXFileReference; lastKnownFileType = text.xcconfig.file; path = Opspad.Release.xcconfig; sourceTree = "<group>"; };
		OP0000000000000000000F203 /* Opspad.xcconfig.example */ = {isa = PBXFileReference; lastKnownFileType = text.xcconfig.file; path = Opspad.xcconfig.example; sourceTree = "<group>"; };
        DA0000000000000000000001 /* PlaybackAndDesignTests.swift */ = {isa = PBXFileReference; lastKnownFileType = sourcecode.swift; path = PlaybackAndDesignTests.swift; sourceTree = "<group>"; };
        DA0000000000000000000003 /* playback-video.m4s */ = {isa = PBXFileReference; lastKnownFileType = file; path = "Fixtures/playback-video.m4s"; sourceTree = "<group>"; };
/* End PBXFileReference section */

/* Begin PBXFrameworksBuildPhase section */
		100000000000000000000301 /* Frameworks */ = {
			isa = PBXFrameworksBuildPhase;
			buildActionMask = 2147483647;
			files = (
				AB0000000000000000000A02 /* DesignSystem in Frameworks */,
			);
			runOnlyForDeploymentPostprocessing = 0;
		};
		10000000000000000000047E /* Frameworks */ = {
			isa = PBXFrameworksBuildPhase;
			buildActionMask = 2147483647;
			files = (
			);
			runOnlyForDeploymentPostprocessing = 0;
		};
		7E5C0A000000000000000006 /* Frameworks */ = {
			isa = PBXFrameworksBuildPhase;
			buildActionMask = 2147483647;
			files = (
			);
			runOnlyForDeploymentPostprocessing = 0;
		};
/* End PBXFrameworksBuildPhase section */

/* Begin PBXGroup section */
		100000000000000000000401 = {
			isa = PBXGroup;
			children = (
				100000000000000000000402 /* Paladala */,
				OP0000000000000000000F001 /* Config */,
				100000000000000000000470 /* PaladalaWidget */,
				7E5C0A000000000000000004 /* PaladalaTests */,
				100000000000000000000403 /* Products */,
			);
			sourceTree = "<group>";
		};
		100000000000000000000402 /* Paladala */ = {
			isa = PBXGroup;
			children = (
				100000000000000000000201 /* PaladalaApp.swift */,
				100000000000000000000202 /* AppRouter.swift */,
				100000000000000000000203 /* Models.swift */,
				100000000000000000000204 /* PaladalaTheme.swift */,
				100000000000000000000205 /* BilibiliAPIClient.swift */,
				100000000000000000000206 /* PaladalaRepository.swift */,
				100000000000000000000207 /* ViewModels.swift */,
				100000000000000000000230 /* CommentPipeline.swift */,
				100000000000000000000208 /* RootView.swift */,
				100000000000000000000209 /* HomeView.swift */,
				FA00000000000000000000F1 /* UISearchFieldBridge.swift */,
				FA00000000000000000000F2 /* BangumiHomeView.swift */,
				10000000000000000000020A /* VideoDetailView.swift */,
				10000000000000000000020B /* DynamicFeedView.swift */,
				10000000000000000000020C /* LiveRoomsView.swift */,
				10000000000000000000020D /* ProfileSettingsView.swift */,
				300000000000000000000002 /* CDNManager.swift */,
				300000000000000000000004 /* CDNSettingsView.swift */,
				300000000000000000000006 /* CDNAkamProbe.swift */,
				10000000000000000000020E /* SharedViews.swift */,
				10000000000000000000021D /* ReplyListView.swift */,
				10000000000000000000021C /* AccountContentViews.swift */,
				10000000000000000000020F /* PaladalaAppIntents.swift */,
				100000000000000000000210 /* Info.plist */,
				100000000000000000000211 /* PlayerView.swift */,
				100000000000000000000220 /* DiagnosticLogger.swift */,
				100000000000000000000221 /* LogViewerView.swift */,
				100000000000000000000222 /* DeviceInfo.swift */,
				100000000000000000000223 /* Haptics.swift */,
				100000000000000000000224 /* OnboardingView.swift */,
				100000000000000000000225 /* NetworkMonitor.swift */,
				100000000000000000000226 /* MiniPlayerStore.swift */,
				100000000000000000000227 /* MiniPlayerOverlay.swift */,
				10000000000000000000022A /* Localizable.swift */,
				MU00000000000000000000A0 /* Music */,
				200000000000000000000401 /* AVPlayerController.swift */,
				300000000000000000000502 /* LocalHLSProxyServer.swift */,
				300000000000000000000503 /* WatchSession.swift */,
				100000000000000000000212 /* Assets.xcassets */,
				100000000000000000000213 /* DesignModifier.swift */,
				7000000000000000000000B1 /* Plugins */,
				100000000000000000000214 /* BundledFeedService.swift */,
				100000000000000000000467 /* ICloudSync.swift */,
				100000000000000000000469 /* LiveActivityCoordinator.swift */,
				10000000000000000000050A /* FollowNotificationService.swift */,
				10000000000000000000046B /* Paladala.entitlements */,
				600000000000000000000901 /* PrivacyInfo.xcprivacy */,
				100000000000000000000463 /* Shared */,
				100000000000000000000404 /* Auth */,
				100000000000000000000405 /* Login */,
				500000000000000000000550 /* DownloadManager.swift */,
				500000000000000000000552 /* DownloadStore.swift */,
				500000000000000000000570 /* PlayProgressStore.swift */,
				500000000000000000000590 /* MP4Fragment.swift */,
				5000000000000000000005D2 /* PlaybackPrefetchManager.swift */,
				500000000000000000000554 /* PaladalaAppDelegate.swift */,
				500000000000000000000556 /* DownloadedVideosView.swift */,
				500000000000000000000559 /* DeepDiagnosticReportView.swift */,
				5000000000000000000005C2 /* TelegramLogConfig.swift */,
				5000000000000000000005C4 /* TelegramLogReporter.swift */,
				50000000000000000000055B /* InlineAVPlayerView.swift */,
				50000000000000000000055C /* Analytics.swift */,
				10000000000000000000022D /* LaunchMetrics.swift */,
				10000000000000000000022E /* UPProfileView.swift */,
				100000000000000000000231 /* AppVersion.swift */,
				100000000000000000000232 /* AboutView.swift */,
				100000000000000000000233 /* UpdateManager.swift */,
				100000000000000000000234 /* ShortcutManager.swift */,
				600000000000000000000611 /* SponsorBlockModels.swift */,
				600000000000000000000612 /* SponsorBlockService.swift */,
				600000000000000000000613 /* SponsorBlockManager.swift */,
				600000000000000000000614 /* SponsorBlockSettingsView.swift */,
				7000000000000000000001A1 /* SleepTimer.swift */,
				7000000000000000000001B1 /* SleepTimerHUDView.swift */,
				7000000000000000000001C1 /* PluginModels.swift */,
				7000000000000000000001D1 /* PluginManager.swift */,
				7000000000000000000001E1 /* PluginsSettingsView.swift */,
				7E5C0A000000000000000010 /* FeedCacheWarmer.swift */,
				7E5C0A000000000000000014 /* LazyTab.swift */,
				A1FF00000000000000FF05F1 /* Paladala-Bridging-Header.h */,
				LS0000000000000000000F001 /* LoadState.swift */,
				AE0000000000000000000F01 /* AppErrorCenter.swift */,
				LS0000000000000000000F002 /* GenerationGuard.swift */,
				198ff133-9f05-43ab-afb7-bcadae569741 /* BilibiliVIP.swift */,
				31132272-7f36-4a8e-bd12-5b3ebf1a111d /* VipBadgeView.swift */,
				7aa739f7420f4cc4bc58eece2de057e9 /* VipUpgradeHint.swift */,
				OP0000000000000000000F002 /* Diag */,
			);
			path = Paladala;
			sourceTree = "<group>";
		};
		OP0000000000000000000F002 /* Diag */ = {
			isa = PBXGroup;
			children = (
				OP0000000000000000000F101 /* HMAC.swift */,
				OP0000000000000000000F111 /* ReportPayload.swift */,
				OP0000000000000000000F121 /* LogReporterConfig.swift */,
				OP0000000000000000000F131 /* ReporterGate.swift */,
				OP0000000000000000000F141 /* ErrorSink.swift */,
				OP0000000000000000000F151 /* LogReporter.swift */,
			);
			path = Diag;
			sourceTree = "<group>";
		};
		100000000000000000000403 /* Products */ = {
			isa = PBXGroup;
			children = (
				100000000000000000000001 /* Paladala.app */,
				100000000000000000000479 /* PaladalaWidget.appex */,
				7E5C0A000000000000000003 /* PaladalaTests.xctest */,
			);
			name = Products;
			sourceTree = "<group>";
		};
		100000000000000000000404 /* Auth */ = {
			isa = PBXGroup;
			children = (
				100000000000000000000215 /* StoredAccount.swift */,
				100000000000000000000216 /* KeychainStore.swift */,
				100000000000000000000217 /* AccountSessionStore.swift */,
				100000000000000000000218 /* AuthStore.swift */,
				100000000000000000000219 /* BilibiliAuthAPI.swift */,
			);
			path = Auth;
			sourceTree = "<group>";
		};
		100000000000000000000405 /* Login */ = {
			isa = PBXGroup;
			children = (
				10000000000000000000021A /* LoginViewModel.swift */,
				10000000000000000000021B /* LoginSheet.swift */,
			);
			path = Login;
			sourceTree = "<group>";
		};
		MU00000000000000000000A0 /* Music */ = {
			isa = PBXGroup;
			children = (
				MU00000000000000000000B0 /* Models */,
				MU00000000000000000000B1 /* Parsers */,
			);
			path = Music;
			sourceTree = "<group>";
		};
		MU00000000000000000000B0 /* Models */ = {
			isa = PBXGroup;
			children = (
				MU00000000000000000000C0 /* LyricTypes.swift */,
			);
			path = Models;
			sourceTree = "<group>";
		};
		MU00000000000000000000B1 /* Parsers */ = {
			isa = PBXGroup;
			children = (
				MU00000000000000000000C1 /* BiliLyricParser.swift */,
			);
			path = Parsers;
			sourceTree = "<group>";
		};
		100000000000000000000463 /* Shared */ = {
			isa = PBXGroup;
			children = (
				100000000000000000000464 /* LiveRoomActivityAttributes.swift */,
			);
			path = Shared;
			sourceTree = "<group>";
		};
		100000000000000000000470 /* PaladalaWidget */ = {
			isa = PBXGroup;
			children = (
				100000000000000000000471 /* PaladalaWidgetBundle.swift */,
				100000000000000000000473 /* LiveActivityWidget.swift */,
				100000000000000000000476 /* Info.plist */,
				100000000000000000000478 /* PaladalaWidget.entitlements */,
				600000000000000000000902 /* PrivacyInfo.xcprivacy */,
			);
			path = PaladalaWidget;
			sourceTree = "<group>";
		};
		7E5C0A000000000000000004 /* PaladalaTests */ = {
			isa = PBXGroup;
			children = (
				7E5C0A000000000000000002 /* PaladalaTests.swift */,
                DA0000000000000000000001 /* PlaybackAndDesignTests.swift */,
                DA0000000000000000000003 /* playback-video.m4s */,
				7E5C0A00000000000000000D /* LocalHLSProxyServerTests.swift */,
				7E5C0A000000000000000012 /* FeedCacheWarmerTests.swift */,
				7E5C0A000000000000000016 /* LazyTabTests.swift */,
				7E5C0A000000000000000018 /* PaladalaBackdropTests.swift */,
				7E5C0A000000000000000020 /* LaunchMetricsTests.swift */,
				7E5C0A000000000000000022 /* AppVersionTests.swift */,
				LS0000000000000000000F003 /* LoadStateTests.swift */,
				aaf91b529efa4218b31e48110709c58d /* VipUpgradeHintTests.swift */,
				7E5C0A000000000000000041 /* PlaybackPrefetchManagerTests.swift */,
			);
			path = PaladalaTests;
			sourceTree = "<group>";
		};
		OP0000000000000000000F001 /* Config */ = {
			isa = PBXGroup;
			children = (
				OP0000000000000000000F201 /* Opspad.Debug.xcconfig */,
				OP0000000000000000000F202 /* Opspad.Release.xcconfig */,
				OP0000000000000000000F203 /* Opspad.xcconfig.example */,
			);
			path = Config;
			sourceTree = "<group>";
		};
/* End PBXGroup section */

/* Begin PBXNativeTarget section */
		10000000000000000000047B /* PaladalaWidget */ = {
			isa = PBXNativeTarget;
			buildConfigurationList = 100000000000000000000482 /* Build configuration list for PBXNativeTarget "PaladalaWidget" */;
			buildPhases = (
				10000000000000000000047C /* Sources */,
				10000000000000000000047E /* Frameworks */,
				10000000000000000000047D /* Resources */,
			);
			buildRules = (
			);
			dependencies = (
			);
			name = PaladalaWidget;
			productName = PaladalaWidget;
			productReference = 100000000000000000000479 /* PaladalaWidget.appex */;
			productType = "com.apple.product-type.app-extension";
		};
		100000000000000000000501 /* Paladala */ = {
			isa = PBXNativeTarget;
			buildConfigurationList = 100000000000000000000901 /* Build configuration list for PBXNativeTarget "Paladala" */;
			buildPhases = (
				100000000000000000000701 /* Sources */,
				100000000000000000000301 /* Frameworks */,
				100000000000000000000801 /* Resources */,
				10000000000000000000047F /* Embed PlugIns */,
			);
			buildRules = (
			);
			dependencies = (
				100000000000000000000480 /* PBXTargetDependency */,
			);
			name = Paladala;
			packageProductDependencies = (
				AB0000000000000000000A01 /* DesignSystem */,
			);
			productName = Paladala;
			productReference = 100000000000000000000001 /* Paladala.app */;
			productType = "com.apple.product-type.application";
		};
		7E5C0A000000000000000007 /* PaladalaTests */ = {
			isa = PBXNativeTarget;
			buildConfigurationList = 7E5C0A00000000000000000A /* Build configuration list for PBXNativeTarget "PaladalaTests" */;
			buildPhases = (
				7E5C0A000000000000000005 /* Sources */,
				7E5C0A000000000000000006 /* Frameworks */,
                DA0000000000000000000005 /* Resources */,
			);
			buildRules = (
			);
			dependencies = (
				7E5C0A000000000000000008 /* PBXTargetDependency */,
			);
			name = PaladalaTests;
			packageProductDependencies = (
			);
			productName = PaladalaTests;
			productReference = 7E5C0A000000000000000003 /* PaladalaTests.xctest */;
			productType = "com.apple.product-type.bundle.unit-test";
		};
/* End PBXNativeTarget section */

/* Begin PBXCopyFilesBuildPhase section */
		10000000000000000000047F /* Embed PlugIns */ = {
			isa = PBXCopyFilesBuildPhase;
			buildActionMask = 2147483647;
			dstPath = "";
			dstSubfolderSpec = 13;
			files = (
				10000000000000000000047A /* PaladalaWidget.appex in Embed PlugIns */,
			);
			name = "Embed PlugIns";
			runOnlyForDeploymentPostprocessing = 0;
		};
/* End PBXCopyFilesBuildPhase section */

/* Begin PBXContainerItemProxy section */
		100000000000000000000481 /* PBXContainerItemProxy */ = {
			isa = PBXContainerItemProxy;
			containerPortal = 100000000000000000000601 /* Project object */;
			proxyType = 1;
			remoteGlobalIDString = 10000000000000000000047B;
			remoteInfo = PaladalaWidget;
		};
		7E5C0A000000000000000009 /* PBXContainerItemProxy */ = {
			isa = PBXContainerItemProxy;
			containerPortal = 100000000000000000000601 /* Project object */;
			proxyType = 1;
			remoteGlobalIDString = 100000000000000000000501;
			remoteInfo = Paladala;
		};
/* End PBXContainerItemProxy section */


/* Begin XCSwiftPackageProductDependency section */
		AB0000000000000000000A01 /* DesignSystem */ = {
			isa = XCSwiftPackageProductDependency;
			productName = DesignSystem;
		};
/* End XCSwiftPackageProductDependency section */

/* Begin PBXTargetDependency section */
		100000000000000000000480 /* PBXTargetDependency */ = {
			isa = PBXTargetDependency;
			target = 10000000000000000000047B /* PaladalaWidget */;
			targetProxy = 100000000000000000000481 /* PBXContainerItemProxy */;
		};
		7E5C0A000000000000000008 /* PBXTargetDependency */ = {
			isa = PBXTargetDependency;
			target = 100000000000000000000501 /* Paladala */;
			targetProxy = 7E5C0A000000000000000009 /* PBXContainerItemProxy */;
		};
/* End PBXTargetDependency section */

/* Begin PBXProject section */
		100000000000000000000601 /* Project object */ = {
			isa = PBXProject;
			attributes = {
				BuildIndependentTargetsInParallel = 1;
				LastSwiftUpdateCheck = 1500;
				LastUpgradeCheck = 1500;
				TargetAttributes = {
					10000000000000000000047B = {
						CreatedOnToolsVersion = 15.0;
					};
					100000000000000000000501 = {
						CreatedOnToolsVersion = 15.0;
					};
				};
			};
			buildConfigurationList = 100000000000000000000902 /* Build configuration list for PBXProject "Paladala" */;
			compatibilityVersion = "Xcode 14.0";
			developmentRegion = en;
			hasScannedForEncodings = 0;
			knownRegions = (
				en,
				Base,
			);
			mainGroup = 100000000000000000000401;
			packageReferences = (
				AB0000000000000000000A03 /* XCLocalSwiftPackageReference "Packages/DesignSystem" */,
			);
			productRefGroup = 100000000000000000000403 /* Products */;
			projectDirPath = "";
			projectRoot = "";
			targets = (
				100000000000000000000501 /* Paladala */,
				10000000000000000000047B /* PaladalaWidget */,
				7E5C0A000000000000000007 /* PaladalaTests */,
			);
		};
/* End PBXProject section */

/* Begin PBXResourcesBuildPhase section */
		100000000000000000000801 /* Resources */ = {
			isa = PBXResourcesBuildPhase;
			buildActionMask = 2147483647;
			files = (
				100000000000000000000111 /* Assets.xcassets in Resources */,
				600000000000000000000804 /* PrivacyInfo.xcprivacy in Resources */,
				7000000000000000000000B2 /* Plugins in Resources */,
			);
			runOnlyForDeploymentPostprocessing = 0;
		};
		10000000000000000000047D /* Resources */ = {
			isa = PBXResourcesBuildPhase;
			buildActionMask = 2147483647;
			files = (
				600000000000000000000805 /* PrivacyInfo.xcprivacy in Resources */,
			);
			runOnlyForDeploymentPostprocessing = 0;
		};
        DA0000000000000000000005 /* Resources */ = {
            isa = PBXResourcesBuildPhase;
            buildActionMask = 2147483647;
            files = (DA0000000000000000000004 /* playback-video.m4s in Resources */,);
            runOnlyForDeploymentPostprocessing = 0;
        };
/* End PBXResourcesBuildPhase section */


/* Begin PBXShellScriptBuildPhase section */
/* End PBXShellScriptBuildPhase section */

/* Begin PBXSourcesBuildPhase section */
		100000000000000000000701 /* Sources */ = {
			isa = PBXSourcesBuildPhase;
			buildActionMask = 2147483647;
			files = (
				100000000000000000000101 /* PaladalaApp.swift in Sources */,
				100000000000000000000102 /* AppRouter.swift in Sources */,
				100000000000000000000103 /* Models.swift in Sources */,
				100000000000000000000104 /* PaladalaTheme.swift in Sources */,
				100000000000000000000105 /* BilibiliAPIClient.swift in Sources */,
				100000000000000000000106 /* PaladalaRepository.swift in Sources */,
				100000000000000000000107 /* ViewModels.swift in Sources */,
				100000000000000000000130 /* CommentPipeline.swift in Sources */,
				100000000000000000000108 /* RootView.swift in Sources */,
				100000000000000000000109 /* HomeView.swift in Sources */,
				FA00000000000000000000B1 /* UISearchFieldBridge.swift in Sources */,
				FA00000000000000000000B2 /* BangumiHomeView.swift in Sources */,
				10000000000000000000010A /* VideoDetailView.swift in Sources */,
				10000000000000000000010B /* DynamicFeedView.swift in Sources */,
				10000000000000000000010C /* LiveRoomsView.swift in Sources */,
				300000000000000000000001 /* CDNManager.swift in Sources */,
				300000000000000000000003 /* CDNSettingsView.swift in Sources */,
				300000000000000000000005 /* CDNAkamProbe.swift in Sources */,
				10000000000000000000010D /* ProfileSettingsView.swift in Sources */,
				10000000000000000000010E /* SharedViews.swift in Sources */,
				10000000000000000000010F /* PaladalaAppIntents.swift in Sources */,
				100000000000000000000110 /* PlayerView.swift in Sources */,
				100000000000000000000112 /* DesignModifier.swift in Sources */,
				100000000000000000000113 /* BundledFeedService.swift in Sources */,
				100000000000000000000114 /* StoredAccount.swift in Sources */,
				100000000000000000000115 /* KeychainStore.swift in Sources */,
				100000000000000000000116 /* AccountSessionStore.swift in Sources */,
				100000000000000000000117 /* AuthStore.swift in Sources */,
				100000000000000000000118 /* BilibiliAuthAPI.swift in Sources */,
				100000000000000000000119 /* LoginViewModel.swift in Sources */,
				10000000000000000000011A /* LoginSheet.swift in Sources */,
				10000000000000000000011B /* AccountContentViews.swift in Sources */,
				10000000000000000000011C /* ReplyListView.swift in Sources */,
				10000000000000000000011E /* DiagnosticLogger.swift in Sources */,
				10000000000000000000011F /* LogViewerView.swift in Sources */,
				100000000000000000000120 /* DeviceInfo.swift in Sources */,
				100000000000000000000121 /* Haptics.swift in Sources */,
				100000000000000000000122 /* OnboardingView.swift in Sources */,
				100000000000000000000123 /* NetworkMonitor.swift in Sources */,
				100000000000000000000124 /* MiniPlayerStore.swift in Sources */,
				100000000000000000000125 /* MiniPlayerOverlay.swift in Sources */,
				10000000000000000000012A /* Localizable.swift in Sources */,
				MU00000000000000000000D0 /* LyricTypes.swift in Sources */,
				MU00000000000000000000D1 /* BiliLyricParser.swift in Sources */,
				200000000000000000000301 /* AVPlayerController.swift in Sources */,
				300000000000000000000602 /* LocalHLSProxyServer.swift in Sources */,
				300000000000000000000603 /* WatchSession.swift in Sources */,
				100000000000000000000468 /* ICloudSync.swift in Sources */,
				10000000000000000000046A /* LiveActivityCoordinator.swift in Sources */,
				10000000000000000000050B /* FollowNotificationService.swift in Sources */,
				100000000000000000000465 /* LiveRoomActivityAttributes.swift in Sources */,
				500000000000000000000551 /* DownloadManager.swift in Sources */,
				500000000000000000000553 /* DownloadStore.swift in Sources */,
				500000000000000000000571 /* PlayProgressStore.swift in Sources */,
				500000000000000000000591 /* MP4Fragment.swift in Sources */,
				5000000000000000000005D1 /* PlaybackPrefetchManager.swift in Sources */,
				500000000000000000000555 /* PaladalaAppDelegate.swift in Sources */,
				500000000000000000000557 /* DownloadedVideosView.swift in Sources */,
				500000000000000000000558 /* DeepDiagnosticReportView.swift in Sources */,
				5000000000000000000005C1 /* TelegramLogConfig.swift in Sources */,
				5000000000000000000005C3 /* TelegramLogReporter.swift in Sources */,
				50000000000000000000055A /* InlineAVPlayerView.swift in Sources */,
				50000000000000000000055D /* Analytics.swift in Sources */,
				10000000000000000000012D /* LaunchMetrics.swift in Sources */,
				10000000000000000000012E /* UPProfileView.swift in Sources */,
				100000000000000000000132 /* AppVersion.swift in Sources */,
				100000000000000000000133 /* AboutView.swift in Sources */,
				100000000000000000000134 /* UpdateManager.swift in Sources */,
				100000000000000000000135 /* ShortcutManager.swift in Sources */,
				600000000000000000000621 /* SponsorBlockModels.swift in Sources */,
				600000000000000000000622 /* SponsorBlockService.swift in Sources */,
				600000000000000000000623 /* SponsorBlockManager.swift in Sources */,
				600000000000000000000624 /* SponsorBlockSettingsView.swift in Sources */,
				7E5C0A00000000000000000F /* FeedCacheWarmer.swift in Sources */,
				7E5C0A000000000000000013 /* LazyTab.swift in Sources */,
				LS0000000000000000000B001 /* LoadState.swift in Sources */,
				AE0000000000000000000B01 /* AppErrorCenter.swift in Sources */,
				LS0000000000000000000B002 /* GenerationGuard.swift in Sources */,
				7000000000000000000001A2 /* SleepTimer.swift in Sources */,
				7000000000000000000001B2 /* SleepTimerHUDView.swift in Sources */,
				7000000000000000000001C2 /* PluginModels.swift in Sources */,
				7000000000000000000001D2 /* PluginManager.swift in Sources */,
				7000000000000000000001E2 /* PluginsSettingsView.swift in Sources */,
				03548a6a-547b-4dbe-9c3e-0d0fac582edd /* BilibiliVIP.swift in Sources */,
				76ae5710-119a-49f0-80d3-20d35d8daf1e /* VipBadgeView.swift in Sources */,
				959e55c70a204884ab4886b2b9189d44 /* VipUpgradeHint.swift in Sources */,
				OP0000000000000000000F102 /* HMAC.swift in Sources */,
				OP0000000000000000000F112 /* ReportPayload.swift in Sources */,
				OP0000000000000000000F122 /* LogReporterConfig.swift in Sources */,
				OP0000000000000000000F132 /* ReporterGate.swift in Sources */,
				OP0000000000000000000F142 /* ErrorSink.swift in Sources */,
				OP0000000000000000000F152 /* LogReporter.swift in Sources */,
			);
			runOnlyForDeploymentPostprocessing = 0;
		};
		10000000000000000000047C /* Sources */ = {
			isa = PBXSourcesBuildPhase;
			buildActionMask = 2147483647;
			files = (
				100000000000000000000472 /* PaladalaWidgetBundle.swift in Sources */,
				100000000000000000000474 /* LiveActivityWidget.swift in Sources */,
				100000000000000000000475 /* LiveRoomActivityAttributes.swift in Sources */,
			);
			runOnlyForDeploymentPostprocessing = 0;
		};
		7E5C0A000000000000000005 /* Sources */ = {
			isa = PBXSourcesBuildPhase;
			buildActionMask = 2147483647;
			files = (
				7E5C0A000000000000000001 /* PaladalaTests.swift in Sources */,
                DA0000000000000000000002 /* PlaybackAndDesignTests.swift in Sources */,
				7E5C0A00000000000000000E /* LocalHLSProxyServerTests.swift in Sources */,
				7E5C0A000000000000000011 /* FeedCacheWarmerTests.swift in Sources */,
				7E5C0A000000000000000015 /* LazyTabTests.swift in Sources */,
				7E5C0A000000000000000017 /* PaladalaBackdropTests.swift in Sources */,
				7E5C0A000000000000000019 /* LaunchMetricsTests.swift in Sources */,
				7E5C0A000000000000000021 /* AppVersionTests.swift in Sources */,
				LS0000000000000000000B003 /* LoadStateTests.swift in Sources */,
				f274babb84a147cba9dff72e040388f0 /* VipUpgradeHintTests.swift in Sources */,
				7E5C0A000000000000000040 /* PlaybackPrefetchManagerTests.swift in Sources */,
			);
			runOnlyForDeploymentPostprocessing = 0;
		};
/* End PBXSourcesBuildPhase section */

/* Begin XCBuildConfiguration section */
		100000000000000000000A01 /* Debug */ = {
			isa = XCBuildConfiguration;
			buildSettings = {
				ALWAYS_SEARCH_USER_PATHS = NO;
				CLANG_ANALYZER_NONNULL = YES;
				CLANG_ANALYZER_NUMBER_OBJECT_CONVERSION = YES_AGGRESSIVE;
				CLANG_CXX_LANGUAGE_STANDARD = "gnu++20";
				CLANG_ENABLE_MODULES = YES;
				CLANG_ENABLE_OBJC_ARC = YES;
				CLANG_ENABLE_OBJC_WEAK = YES;
				CLANG_WARN_BLOCK_CAPTURE_AUTORELEASING = YES;
				CLANG_WARN_BOOL_CONVERSION = YES;
				CLANG_WARN_COMMA = YES;
				CLANG_WARN_CONSTANT_CONVERSION = YES;
				CLANG_WARN_DEPRECATED_OBJC_IMPLEMENTATIONS = YES;
				CLANG_WARN_DIRECT_OBJC_ISA_USAGE = YES_ERROR;
				CLANG_WARN_DOCUMENTATION_COMMENTS = YES;
				CLANG_WARN_EMPTY_BODY = YES;
				CLANG_WARN_ENUM_CONVERSION = YES;
				CLANG_WARN_INFINITE_RECURSION = YES;
				CLANG_WARN_INT_CONVERSION = YES;
				CLANG_WARN_NON_LITERAL_NULL_CONVERSION = YES;
				CLANG_WARN_OBJC_IMPLICIT_RETAIN_SELF = YES;
				CLANG_WARN_OBJC_LITERAL_CONVERSION = YES;
				CLANG_WARN_OBJC_ROOT_CLASS = YES_ERROR;
				CLANG_WARN_QUOTED_INCLUDE_IN_FRAMEWORK_HEADER = YES;
				CLANG_WARN_RANGE_LOOP_ANALYSIS = YES;
				CLANG_WARN_STRICT_PROTOTYPES = YES;
				CLANG_WARN_SUSPICIOUS_MOVE = YES;
				CLANG_WARN_UNGUARDED_AVAILABILITY = YES_AGGRESSIVE;
				CLANG_WARN_UNREACHABLE_CODE = YES;
				CLANG_WARN__DUPLICATE_METHOD_MATCH = YES;
				COPY_PHASE_STRIP = NO;
				DEBUG_INFORMATION_FORMAT = dwarf;
				ENABLE_STRICT_OBJC_MSGSEND = YES;
				ENABLE_TESTABILITY = YES;
				ENABLE_USER_SCRIPT_SANDBOXING = YES;
				GCC_C_LANGUAGE_STANDARD = gnu17;
				GCC_DYNAMIC_NO_PIC = NO;
				GCC_NO_COMMON_BLOCKS = YES;
				GCC_OPTIMIZATION_LEVEL = 0;
				GCC_PREPROCESSOR_DEFINITIONS = (
					"DEBUG=1",
					"$(inherited)",
				);
				GCC_WARN_64_TO_32_BIT_CONVERSION = YES;
				GCC_WARN_ABOUT_RETURN_TYPE = YES_ERROR;
				GCC_WARN_UNDECLARED_SELECTOR = YES;
				GCC_WARN_UNINITIALIZED_AUTOS = YES_AGGRESSIVE;
				GCC_WARN_UNUSED_FUNCTION = YES;
				GCC_WARN_UNUSED_VARIABLE = YES;
				IPHONEOS_DEPLOYMENT_TARGET = 18.0;
				MTL_ENABLE_DEBUG_INFO = INCLUDE_SOURCE;
				MTL_FAST_MATH = YES;
				ONLY_ACTIVE_ARCH = YES;
				SDKROOT = iphoneos;
				SWIFT_ACTIVE_COMPILATION_CONDITIONS = DEBUG;
				SWIFT_OPTIMIZATION_LEVEL = "-Onone";
			};
			name = Debug;
		};
		100000000000000000000A02 /* Release */ = {
			isa = XCBuildConfiguration;
			buildSettings = {
				ALWAYS_SEARCH_USER_PATHS = NO;
				CLANG_ANALYZER_NONNULL = YES;
				CLANG_ANALYZER_NUMBER_OBJECT_CONVERSION = YES_AGGRESSIVE;
				CLANG_CXX_LANGUAGE_STANDARD = "gnu++20";
				CLANG_ENABLE_MODULES = YES;
				CLANG_ENABLE_OBJC_ARC = YES;
				CLANG_ENABLE_OBJC_WEAK = YES;
				CLANG_WARN_BLOCK_CAPTURE_AUTORELEASING = YES;
				CLANG_WARN_BOOL_CONVERSION = YES;
				CLANG_WARN_COMMA = YES;
				CLANG_WARN_CONSTANT_CONVERSION = YES;
				CLANG_WARN_DEPRECATED_OBJC_IMPLEMENTATIONS = YES;
				CLANG_WARN_DIRECT_OBJC_ISA_USAGE = YES_ERROR;
				CLANG_WARN_DOCUMENTATION_COMMENTS = YES;
				CLANG_WARN_EMPTY_BODY = YES;
				CLANG_WARN_ENUM_CONVERSION = YES;
				CLANG_WARN_INFINITE_RECURSION = YES;
				CLANG_WARN_INT_CONVERSION = YES;
				CLANG_WARN_NON_LITERAL_NULL_CONVERSION = YES;
				CLANG_WARN_OBJC_IMPLICIT_RETAIN_SELF = YES;
				CLANG_WARN_OBJC_LITERAL_CONVERSION = YES;
				CLANG_WARN_OBJC_ROOT_CLASS = YES_ERROR;
				CLANG_WARN_QUOTED_INCLUDE_IN_FRAMEWORK_HEADER = YES;
				CLANG_WARN_RANGE_LOOP_ANALYSIS = YES;
				CLANG_WARN_STRICT_PROTOTYPES = YES;
				CLANG_WARN_SUSPICIOUS_MOVE = YES;
				CLANG_WARN_UNGUARDED_AVAILABILITY = YES_AGGRESSIVE;
				CLANG_WARN_UNREACHABLE_CODE = YES;
				CLANG_WARN__DUPLICATE_METHOD_MATCH = YES;
				COPY_PHASE_STRIP = NO;
				DEBUG_INFORMATION_FORMAT = "dwarf-with-dsym";
				ENABLE_NS_ASSERTIONS = NO;
				ENABLE_STRICT_OBJC_MSGSEND = YES;
				ENABLE_USER_SCRIPT_SANDBOXING = YES;
				GCC_C_LANGUAGE_STANDARD = gnu17;
				GCC_NO_COMMON_BLOCKS = YES;
				GCC_WARN_64_TO_32_BIT_CONVERSION = YES;
				GCC_WARN_ABOUT_RETURN_TYPE = YES_ERROR;
				GCC_WARN_UNDECLARED_SELECTOR = YES;
				GCC_WARN_UNINITIALIZED_AUTOS = YES_AGGRESSIVE;
				GCC_WARN_UNUSED_FUNCTION = YES;
				GCC_WARN_UNUSED_VARIABLE = YES;
				IPHONEOS_DEPLOYMENT_TARGET = 18.0;
				MTL_ENABLE_DEBUG_INFO = NO;
				MTL_FAST_MATH = YES;
				SDKROOT = iphoneos;
				SWIFT_COMPILATION_MODE = wholemodule;
				VALIDATE_PRODUCT = YES;
			};
			name = Release;
		};
		100000000000000000000B01 /* Debug */ = {
			baseConfigurationReference = OP0000000000000000000F201 /* Opspad.Debug.xcconfig */;
			isa = XCBuildConfiguration;
			buildSettings = {
				ASSETCATALOG_COMPILER_APPICON_NAME = AppIcon;
				CODE_SIGN_ENTITLEMENTS = Paladala/Paladala.entitlements;
				CODE_SIGN_STYLE = Automatic;
				CURRENT_PROJECT_VERSION = 1;
				DEVELOPMENT_ASSET_PATHS = "";
				DEVELOPMENT_TEAM = "";
				EMBEDDED_CONTENT_CONTAINS_SWIFT = YES;
				ENABLE_PREVIEWS = YES;
				GENERATE_INFOPLIST_FILE = NO;
				INFOPLIST_FILE = Paladala/Info.plist;
				IPHONEOS_DEPLOYMENT_TARGET = 18.0;
				LD_RUNPATH_SEARCH_PATHS = (
					"$(inherited)",
					"@executable_path/Frameworks",
				);
				MARKETING_VERSION = 0.4;
				PRODUCT_BUNDLE_IDENTIFIER = com.dt.paladala;
				PRODUCT_NAME = Paladala;
				SUPPORTED_PLATFORMS = "iphoneos iphonesimulator";
				SUPPORTS_MACCATALYST = NO;
				SUPPORTS_MAC_DESIGNED_FOR_IPHONE_IPAD = NO;
				SWIFT_EMIT_LOC_STRINGS = YES;
				SWIFT_OBJC_BRIDGING_HEADER = "Paladala/Paladala-Bridging-Header.h";
				SWIFT_VERSION = 6.0;
				TARGETED_DEVICE_FAMILY = "1,2";
			};
			name = Debug;
		};
		100000000000000000000B02 /* Release */ = {
			baseConfigurationReference = OP0000000000000000000F202 /* Opspad.Release.xcconfig */;
			isa = XCBuildConfiguration;
			buildSettings = {
				ASSETCATALOG_COMPILER_APPICON_NAME = AppIcon;
				CODE_SIGN_ENTITLEMENTS = Paladala/Paladala.entitlements;
				CODE_SIGN_STYLE = Automatic;
				CURRENT_PROJECT_VERSION = 1;
				DEVELOPMENT_ASSET_PATHS = "";
				DEVELOPMENT_TEAM = "";
				EMBEDDED_CONTENT_CONTAINS_SWIFT = YES;
				ENABLE_PREVIEWS = NO;
				GENERATE_INFOPLIST_FILE = NO;
				INFOPLIST_FILE = Paladala/Info.plist;
				IPHONEOS_DEPLOYMENT_TARGET = 18.0;
				LD_RUNPATH_SEARCH_PATHS = (
					"$(inherited)",
					"@executable_path/Frameworks",
				);
				MARKETING_VERSION = 0.4;
				PRODUCT_BUNDLE_IDENTIFIER = com.dt.paladala;
				PRODUCT_NAME = Paladala;
				SUPPORTED_PLATFORMS = "iphoneos iphonesimulator";
				SUPPORTS_MACCATALYST = NO;
				SUPPORTS_MAC_DESIGNED_FOR_IPHONE_IPAD = NO;
				SWIFT_EMIT_LOC_STRINGS = YES;
				SWIFT_OBJC_BRIDGING_HEADER = "Paladala/Paladala-Bridging-Header.h";
				SWIFT_VERSION = 6.0;
				TARGETED_DEVICE_FAMILY = "1,2";
			};
			name = Release;
		};
		100000000000000000000B05 /* Debug */ = {
			baseConfigurationReference = OP0000000000000000000F201 /* Opspad.Debug.xcconfig */;
			isa = XCBuildConfiguration;
			buildSettings = {
				CODE_SIGN_ENTITLEMENTS = PaladalaWidget/PaladalaWidget.entitlements;
				CODE_SIGN_STYLE = Automatic;
				CURRENT_PROJECT_VERSION = 1;
				DEVELOPMENT_TEAM = "";
				GENERATE_INFOPLIST_FILE = NO;
				INFOPLIST_FILE = PaladalaWidget/Info.plist;
				INFOPLIST_KEY_CFBundleDisplayName = "Paladala Widget";
				INFOPLIST_KEY_NSHumanReadableCopyright = "";
				IPHONEOS_DEPLOYMENT_TARGET = 18.0;
				LD_RUNPATH_SEARCH_PATHS = (
					"$(inherited)",
					"@executable_path/Frameworks",
					"@executable_path/../../Frameworks",
				);
				MARKETING_VERSION = 0.4;
				PRODUCT_BUNDLE_IDENTIFIER = com.dt.paladala.PaladalaWidget;
				PRODUCT_NAME = PaladalaWidget;
				SKIP_INSTALL = YES;
				SUPPORTED_PLATFORMS = "iphoneos iphonesimulator";
				SUPPORTS_MACCATALYST = NO;
				SUPPORTS_MAC_DESIGNED_FOR_IPHONE_IPAD = NO;
				SWIFT_EMIT_LOC_STRINGS = YES;
				SWIFT_VERSION = 6.0;
				TARGETED_DEVICE_FAMILY = "1,2";
			};
			name = Debug;
		};
		100000000000000000000B06 /* Release */ = {
			baseConfigurationReference = OP0000000000000000000F202 /* Opspad.Release.xcconfig */;
			isa = XCBuildConfiguration;
			buildSettings = {
				CODE_SIGN_ENTITLEMENTS = PaladalaWidget/PaladalaWidget.entitlements;
				CODE_SIGN_STYLE = Automatic;
				CURRENT_PROJECT_VERSION = 1;
				DEVELOPMENT_TEAM = "";
				GENERATE_INFOPLIST_FILE = NO;
				INFOPLIST_FILE = PaladalaWidget/Info.plist;
				INFOPLIST_KEY_CFBundleDisplayName = "Paladala Widget";
				INFOPLIST_KEY_NSHumanReadableCopyright = "";
				IPHONEOS_DEPLOYMENT_TARGET = 18.0;
				LD_RUNPATH_SEARCH_PATHS = (
					"$(inherited)",
					"@executable_path/Frameworks",
					"@executable_path/../../Frameworks",
				);
				MARKETING_VERSION = 0.4;
				PRODUCT_BUNDLE_IDENTIFIER = com.dt.paladala.PaladalaWidget;
				PRODUCT_NAME = PaladalaWidget;
				SKIP_INSTALL = YES;
				SUPPORTED_PLATFORMS = "iphoneos iphonesimulator";
				SUPPORTS_MACCATALYST = NO;
				SUPPORTS_MAC_DESIGNED_FOR_IPHONE_IPAD = NO;
				SWIFT_EMIT_LOC_STRINGS = YES;
				SWIFT_VERSION = 6.0;
				TARGETED_DEVICE_FAMILY = "1,2";
			};
			name = Release;
		};
		7E5C0A00000000000000000B /* Debug */ = {
			isa = XCBuildConfiguration;
			buildSettings = {
				BUNDLE_LOADER = "$(TEST_HOST)";
				CLANG_ENABLE_MODULES = YES;
				CODE_SIGN_STYLE = Automatic;
				CURRENT_PROJECT_VERSION = 1;
				DEBUG_INFORMATION_FORMAT = dwarf;
				ENABLE_TESTABILITY = YES;
				GCC_DYNAMIC_NO_PIC = NO;
				GCC_NO_COMMON_BLOCKS = YES;
				GCC_OPTIMIZATION_LEVEL = 0;
				GCC_PREPROCESSOR_DEFINITIONS = (
					"DEBUG=1",
					"$(inherited)",
				);
				GENERATE_INFOPLIST_FILE = YES;
				IPHONEOS_DEPLOYMENT_TARGET = 18.0;
				MTL_ENABLE_DEBUG_INFO = INCLUDE_SOURCE;
				MTL_FAST_MATH = YES;
				ONLY_ACTIVE_ARCH = YES;
				PRODUCT_BUNDLE_IDENTIFIER = com.paladala.PaladalaTests;
				SDKROOT = iphoneos;
				SUPPORTED_PLATFORMS = "iphoneos iphonesimulator";
				SWIFT_ACTIVE_COMPILATION_CONDITIONS = DEBUG;
				SWIFT_OPTIMIZATION_LEVEL = "-Onone";
				SWIFT_VERSION = 6.0;
				TARGETED_DEVICE_FAMILY = "1,2";
				TEST_HOST = "$(BUILT_PRODUCTS_DIR)/Paladala.app/$(BUNDLE_EXECUTABLE_FOLDER_PATH)/Paladala";
			};
			name = Debug;
		};
		7E5C0A00000000000000000C /* Release */ = {
			isa = XCBuildConfiguration;
			buildSettings = {
				BUNDLE_LOADER = "$(TEST_HOST)";
				CLANG_ENABLE_MODULES = YES;
				CODE_SIGN_STYLE = Automatic;
				CURRENT_PROJECT_VERSION = 1;
				DEBUG_INFORMATION_FORMAT = "dwarf-with-dsym";
				ENABLE_NS_ASSERTIONS = NO;
				GCC_NO_COMMON_BLOCKS = YES;
				GENERATE_INFOPLIST_FILE = YES;
				IPHONEOS_DEPLOYMENT_TARGET = 18.0;
				MTL_ENABLE_DEBUG_INFO = NO;
				MTL_FAST_MATH = YES;
				PRODUCT_BUNDLE_IDENTIFIER = com.paladala.PaladalaTests;
				SDKROOT = iphoneos;
				SUPPORTED_PLATFORMS = "iphoneos iphonesimulator";
				SWIFT_COMPILATION_MODE = wholemodule;
				SWIFT_OPTIMIZATION_LEVEL = "-O";
				SWIFT_VERSION = 6.0;
				TARGETED_DEVICE_FAMILY = "1,2";
				TEST_HOST = "$(BUILT_PRODUCTS_DIR)/Paladala.app/$(BUNDLE_EXECUTABLE_FOLDER_PATH)/Paladala";
				VALIDATE_PRODUCT = YES;
			};
			name = Release;
		};
/* End XCBuildConfiguration section */

/* Begin XCConfigurationList section */
		100000000000000000000901 /* Build configuration list for PBXNativeTarget "Paladala" */ = {
			isa = XCConfigurationList;
			buildConfigurations = (
				100000000000000000000B01 /* Debug */,
				100000000000000000000B02 /* Release */,
			);
			defaultConfigurationIsVisible = 0;
			defaultConfigurationName = Release;
		};
		100000000000000000000902 /* Build configuration list for PBXProject "Paladala" */ = {
			isa = XCConfigurationList;
			buildConfigurations = (
				100000000000000000000A01 /* Debug */,
				100000000000000000000A02 /* Release */,
			);
			defaultConfigurationIsVisible = 0;
			defaultConfigurationName = Release;
		};
		100000000000000000000482 /* Build configuration list for PBXNativeTarget "PaladalaWidget" */ = {
			isa = XCConfigurationList;
			buildConfigurations = (
				100000000000000000000B05 /* Debug */,
				100000000000000000000B06 /* Release */,
			);
			defaultConfigurationIsVisible = 0;
			defaultConfigurationName = Release;
		};
		7E5C0A00000000000000000A /* Build configuration list for PBXNativeTarget "PaladalaTests" */ = {
			isa = XCConfigurationList;
			buildConfigurations = (
				7E5C0A00000000000000000B /* Debug */,
				7E5C0A00000000000000000C /* Release */,
			);
			defaultConfigurationIsVisible = 0;
			defaultConfigurationName = Release;
		};
/* End XCConfigurationList section */

/* Begin XCLocalSwiftPackageReference section */
		AB0000000000000000000A03 /* XCLocalSwiftPackageReference "Packages/DesignSystem" */ = {
			isa = XCLocalSwiftPackageReference;
			relativePath = Packages/DesignSystem;
		};
/* End XCLocalSwiftPackageReference section */

/* Begin XCRemoteSwiftPackageReference section */
/* End XCRemoteSwiftPackageReference section */

	};
	rootObject = 100000000000000000000601 /* Project object */;
}
